# THIS IS AN AUTOGENERATED FILE. DO NOT EDIT THIS FILE DIRECTLY.
# yarn lockfile v1


"@fortawesome/fontawesome-free@^5.15.4":
  "integrity" "sha512-eYm8vijH/hpzr/6/1CJ/V/Eb1xQFW2nnUKArb3z+yUWv7HTwj6M7SP957oMjfZjAHU6qpoNc2wQvIxBLWYa/Jg=="
  "resolved" "https://registry.npmjs.org/@fortawesome/fontawesome-free/-/fontawesome-free-5.15.4.tgz"
  "version" "5.15.4"

"jquery.nicescroll@^3.7.6":
  "integrity" "sha1-r+/z6AZY2r5PeNLS6EJQBg/qCFI= sha512-H4XOzQDw/fJIFftYGemNDAr9sz52zr35+JEubsTNGrTAtxQra4qnu6UnOe+avEHVPy8HnyoHgIpvPXedGSCfTw=="
  "resolved" "https://registry.npmjs.org/jquery.nicescroll/-/jquery.nicescroll-3.7.6.tgz"
  "version" "3.7.6"
  dependencies:
    "jquery" ">=1.8.3"

"jquery@^3.6.0", "jquery@>=1.8.3":
  "integrity" "sha512-JVzAR/AjBvVt2BmYhxRCSYysDsPcssdmTFnzyLEts9qNwmjmu4JTAMYubEfwVOSwpQ1I1sKKFcxhZCI2buerfw=="
  "resolved" "https://registry.npmjs.org/jquery/-/jquery-3.6.0.tgz"
  "version" "3.6.0"

"normalize.css@^8.0.1":
  "integrity" "sha512-qizSNPO93t1YUuUhP22btGOo3chcvDFqFaj2TRybP0DMxkHOCTYwp3n34fel4a31ORXy4m1Xq0Gyqpb5m33qIg=="
  "resolved" "https://registry.npmjs.org/normalize.css/-/normalize.css-8.0.1.tgz"
  "version" "8.0.1"
